// !$*UTF8*$!
{
	archiveVersion = 1;
	classes = {
	};
	objectVersion = 46;
	objects = {

/* Begin PBXBuildFile section */
		13868811633BAB0FD17F1D30 /* libPods-RNProject.a in Frameworks */ = {isa = PBXBuildFile; fileRef = 3AF9BFEC80EAFA133A72EC52 /* libPods-RNProject.a */; };
		7DD36E061D58A49400F72280 /* main.m in Sources */ = {isa = PBXBuildFile; fileRef = 7DD36E051D58A49400F72280 /* main.m */; };
		7DD36E091D58A49400F72280 /* AppDelegate.m in Sources */ = {isa = PBXBuildFile; fileRef = 7DD36E081D58A49400F72280 /* AppDelegate.m */; };
		7DD36E0C1D58A49400F72280 /* ViewController.m in Sources */ = {isa = PBXBuildFile; fileRef = 7DD36E0B1D58A49400F72280 /* ViewController.m */; };
		7DD36E0F1D58A49400F72280 /* Main.storyboard in Resources */ = {isa = PBXBuildFile; fileRef = 7DD36E0D1D58A49400F72280 /* Main.storyboard */; };
		7DD36E111D58A49400F72280 /* Assets.xcassets in Resources */ = {isa = PBXBuildFile; fileRef = 7DD36E101D58A49400F72280 /* Assets.xcassets */; };
		7DD36E141D58A49400F72280 /* LaunchScreen.storyboard in Resources */ = {isa = PBXBuildFile; fileRef = 7DD36E121D58A49400F72280 /* LaunchScreen.storyboard */; };
		7DD36E1F1D58A49400F72280 /* RNProjectTests.m in Sources */ = {isa = PBXBuildFile; fileRef = 7DD36E1E1D58A49400F72280 /* RNProjectTests.m */; };
/* End PBXBuildFile section */

/* Begin PBXContainerItemProxy section */
		7DD36E1B1D58A49400F72280 /* PBXContainerItemProxy */ = {
			isa = PBXContainerItemProxy;
			containerPortal = 7DD36DF91D58A49400F72280 /* Project object */;
			proxyType = 1;
			remoteGlobalIDString = 7DD36E001D58A49400F72280;
			remoteInfo = RNProject;
		};
/* End PBXContainerItemProxy section */

/* Begin PBXFileReference section */
		3AF9BFEC80EAFA133A72EC52 /* libPods-RNProject.a */ = {isa = PBXFileReference; explicitFileType = archive.ar; includeInIndex = 0; path = "libPods-RNProject.a"; sourceTree = BUILT_PRODUCTS_DIR; };
		7DD36E011D58A49400F72280 /* RNProject.app */ = {isa = PBXFileReference; explicitFileType = wrapper.application; includeInIndex = 0; path = RNProject.app; sourceTree = BUILT_PRODUCTS_DIR; };
		7DD36E051D58A49400F72280 /* main.m */ = {isa = PBXFileReference; lastKnownFileType = sourcecode.c.objc; path = main.m; sourceTree = "<group>"; };
		7DD36E071D58A49400F72280 /* AppDelegate.h */ = {isa = PBXFileReference; lastKnownFileType = sourcecode.c.h; path = AppDelegate.h; sourceTree = "<group>"; };
		7DD36E081D58A49400F72280 /* AppDelegate.m */ = {isa = PBXFileReference; lastKnownFileType = sourcecode.c.objc; path = AppDelegate.m; sourceTree = "<group>"; };
		7DD36E0A1D58A49400F72280 /* ViewController.h */ = {isa = PBXFileReference; lastKnownFileType = sourcecode.c.h; path = ViewController.h; sourceTree = "<group>"; };
		7DD36E0B1D58A49400F72280 /* ViewController.m */ = {isa = PBXFileReference; lastKnownFileType = sourcecode.c.objc; path = ViewController.m; sourceTree = "<group>"; };
		7DD36E0E1D58A49400F72280 /* Base */ = {isa = PBXFileReference; lastKnownFileType = file.storyboard; name = Base; path = Base.lproj/Main.storyboard; sourceTree = "<group>"; };
		7DD36E101D58A49400F72280 /* Assets.xcassets */ = {isa = PBXFileReference; lastKnownFileType = folder.assetcatalog; path = Assets.xcassets; sourceTree = "<group>"; };
		7DD36E131D58A49400F72280 /* Base */ = {isa = PBXFileReference; lastKnownFileType = file.storyboard; name = Base; path = Base.lproj/LaunchScreen.storyboard; sourceTree = "<group>"; };
		7DD36E151D58A49400F72280 /* Info.plist */ = {isa = PBXFileReference; lastKnownFileType = text.plist.xml; path = Info.plist; sourceTree = "<group>"; };
		7DD36E1A1D58A49400F72280 /* RNProjectTests.xctest */ = {isa = PBXFileReference; explicitFileType = wrapper.cfbundle; includeInIndex = 0; path = RNProjectTests.xctest; sourceTree = BUILT_PRODUCTS_DIR; };
		7DD36E1E1D58A49400F72280 /* RNProjectTests.m */ = {isa = PBXFileReference; lastKnownFileType = sourcecode.c.objc; path = RNProjectTests.m; sourceTree = "<group>"; };
		7DD36E201D58A49400F72280 /* Info.plist */ = {isa = PBXFileReference; lastKnownFileType = text.plist.xml; path = Info.plist; sourceTree = "<group>"; };
		E9CC1213B3582F30D4F29AEF /* Pods-RNProject.debug.xcconfig */ = {isa = PBXFileReference; includeInIndex = 1; lastKnownFileType = text.xcconfig; name = "Pods-RNProject.debug.xcconfig"; path = "Pods/Target Support Files/Pods-RNProject/Pods-RNProject.debug.xcconfig"; sourceTree = "<group>"; };
		FF2CFCC28885D9AC186EAEF1 /* Pods-RNProject.release.xcconfig */ = {isa = PBXFileReference; includeInIndex = 1; lastKnownFileType = text.xcconfig; name = "Pods-RNProject.release.xcconfig"; path = "Pods/Target Support Files/Pods-RNProject/Pods-RNProject.release.xcconfig"; sourceTree = "<group>"; };
/* End PBXFileReference section */

/* Begin PBXFrameworksBuildPhase section */
		7DD36DFE1D58A49400F72280 /* Frameworks */ = {
			isa = PBXFrameworksBuildPhase;
			buildActionMask = 2147483647;
			files = (
				13868811633BAB0FD17F1D30 /* libPods-RNProject.a in Frameworks */,
			);
			runOnlyForDeploymentPostprocessing = 0;
		};
		7DD36E171D58A49400F72280 /* Frameworks */ = {
			isa = PBXFrameworksBuildPhase;
			buildActionMask = 2147483647;
			files = (
			);
			runOnlyForDeploymentPostprocessing = 0;
		};
/* End PBXFrameworksBuildPhase section */

/* Begin PBXGroup section */
		7DD36DF81D58A49400F72280 = {
			isa = PBXGroup;
			children = (
				7DD36E031D58A49400F72280 /* RNProject */,
				7DD36E1D1D58A49400F72280 /* RNProjectTests */,
				7DD36E021D58A49400F72280 /* Products */,
				BB129EB136A7FD84F3C30D21 /* Pods */,
				99DE398C647D52B519C0D625 /* Frameworks */,
			);
			sourceTree = "<group>";
		};
		7DD36E021D58A49400F72280 /* Products */ = {
			isa = PBXGroup;
			children = (
				7DD36E011D58A49400F72280 /* RNProject.app */,
				7DD36E1A1D58A49400F72280 /* RNProjectTests.xctest */,
			);
			name = Products;
			sourceTree = "<group>";
		};
		7DD36E031D58A49400F72280 /* RNProject */ = {
			isa = PBXGroup;
			children = (
				7DD36E071D58A49400F72280 /* AppDelegate.h */,
				7DD36E081D58A49400F72280 /* AppDelegate.m */,
				7DD36E0A1D58A49400F72280 /* ViewController.h */,
				7DD36E0B1D58A49400F72280 /* ViewController.m */,
				7DD36E0D1D58A49400F72280 /* Main.storyboard */,
				7DD36E101D58A49400F72280 /* Assets.xcassets */,
				7DD36E121D58A49400F72280 /* LaunchScreen.storyboard */,
				7DD36E151D58A49400F72280 /* Info.plist */,
				7DD36E041D58A49400F72280 /* Supporting Files */,
			);
			path = RNProject;
			sourceTree = "<group>";
		};
		7DD36E041D58A49400F72280 /* Supporting Files */ = {
			isa = PBXGroup;
			children = (
				7DD36E051D58A49400F72280 /* main.m */,
			);
			name = "Supporting Files";
			sourceTree = "<group>";
		};
		7DD36E1D1D58A49400F72280 /* RNProjectTests */ = {
			isa = PBXGroup;
			children = (
				7DD36E1E1D58A49400F72280 /* RNProjectTests.m */,
				7DD36E201D58A49400F72280 /* Info.plist */,
			);
			path = RNProjectTests;
			sourceTree = "<group>";
		};
		99DE398C647D52B519C0D625 /* Frameworks */ = {
			isa = PBXGroup;
			children = (
				3AF9BFEC80EAFA133A72EC52 /* libPods-RNProject.a */,
			);
			name = Frameworks;
			sourceTree = "<group>";
		};
		BB129EB136A7FD84F3C30D21 /* Pods */ = {
			isa = PBXGroup;
			children = (
				E9CC1213B3582F30D4F29AEF /* Pods-RNProject.debug.xcconfig */,
				FF2CFCC28885D9AC186EAEF1 /* Pods-RNProject.release.xcconfig */,
			);
			name = Pods;
			sourceTree = "<group>";
		};
/* End PBXGroup section */

/* Begin PBXNativeTarget section */
		7DD36E001D58A49400F72280 /* RNProject */ = {
			isa = PBXNativeTarget;
			buildConfigurationList = 7DD36E231D58A49400F72280 /* Build configuration list for PBXNativeTarget "RNProject" */;
			buildPhases = (
				CD52EED8B7ECED6E3F5B8A04 /* [CP] Check Pods Manifest.lock */,
				7DD36DFD1D58A49400F72280 /* Sources */,
				7DD36DFE1D58A49400F72280 /* Frameworks */,
				7DD36DFF1D58A49400F72280 /* Resources */,
				54C7F6A491E7CF68440011BD /* [CP] Embed Pods Frameworks */,
				92A155F84A51ADFE2C6C47BE /* [CP] Copy Pods Resources */,
			);
			buildRules = (
			);
			dependencies = (
			);
			name = RNProject;
			productName = RNProject;
			productReference = 7DD36E011D58A49400F72280 /* RNProject.app */;
			productType = "com.apple.product-type.application";
		};
		7DD36E191D58A49400F72280 /* RNProjectTests */ = {
			isa = PBXNativeTarget;
			buildConfigurationList = 7DD36E261D58A49400F72280 /* Build configuration list for PBXNativeTarget "RNProjectTests" */;
			buildPhases = (
				7DD36E161D58A49400F72280 /* Sources */,
				7DD36E171D58A49400F72280 /* Frameworks */,
				7DD36E181D58A49400F72280 /* Resources */,
			);
			buildRules = (
			);
			dependencies = (
				7DD36E1C1D58A49400F72280 /* PBXTargetDependency */,
			);
			name = RNProjectTests;
			productName = RNProjectTests;
			productReference = 7DD36E1A1D58A49400F72280 /* RNProjectTests.xctest */;
			productType = "com.apple.product-type.bundle.unit-test";
		};
/* End PBXNativeTarget section */

/* Begin PBXProject section */
		7DD36DF91D58A49400F72280 /* Project object */ = {
			isa = PBXProject;
			attributes = {
				LastUpgradeCheck = 0730;
				ORGANIZATIONNAME = NDEducation;
				TargetAttributes = {
					7DD36E001D58A49400F72280 = {
						CreatedOnToolsVersion = 7.3.1;
					};
					7DD36E191D58A49400F72280 = {
						CreatedOnToolsVersion = 7.3.1;
						TestTargetID = 7DD36E001D58A49400F72280;
					};
				};
			};
			buildConfigurationList = 7DD36DFC1D58A49400F72280 /* Build configuration list for PBXProject "RNProject" */;
			compatibilityVersion = "Xcode 3.2";
			developmentRegion = English;
			hasScannedForEncodings = 0;
			knownRegions = (
				en,
				Base,
			);
			mainGroup = 7DD36DF81D58A49400F72280;
			productRefGroup = 7DD36E021D58A49400F72280 /* Products */;
			projectDirPath = "";
			projectRoot = "";
			targets = (
				7DD36E001D58A49400F72280 /* RNProject */,
				7DD36E191D58A49400F72280 /* RNProjectTests */,
			);
		};
/* End PBXProject section */

/* Begin PBXResourcesBuildPhase section */
		7DD36DFF1D58A49400F72280 /* Resources */ = {
			isa = PBXResourcesBuildPhase;
			buildActionMask = 2147483647;
			files = (
				7DD36E141D58A49400F72280 /* LaunchScreen.storyboard in Resources */,
				7DD36E111D58A49400F72280 /* Assets.xcassets in Resources */,
				7DD36E0F1D58A49400F72280 /* Main.storyboard in Resources */,
			);
			runOnlyForDeploymentPostprocessing = 0;
		};
		7DD36E181D58A49400F72280 /* Resources */ = {
			isa = PBXResourcesBuildPhase;
			buildActionMask = 2147483647;
			files = (
			);
			runOnlyForDeploymentPostprocessing = 0;
		};
/* End PBXResourcesBuildPhase section */

/* Begin PBXShellScriptBuildPhase section */
		54C7F6A491E7CF68440011BD /* [CP] Embed Pods Frameworks */ = {
			isa = PBXShellScriptBuildPhase;
			buildActionMask = 2147483647;
			files = (
			);
			inputPaths = (
			);
			name = "[CP] Embed Pods Frameworks";
			outputPaths = (
			);
			runOnlyForDeploymentPostprocessing = 0;
			shellPath = /bin/sh;
			shellScript = "\"${SRCROOT}/Pods/Target Support Files/Pods-RNProject/Pods-RNProject-frameworks.sh\"\n";
			showEnvVarsInLog = 0;
		};
		92A155F84A51ADFE2C6C47BE /* [CP] Copy Pods Resources */ = {
			isa = PBXShellScriptBuildPhase;
			buildActionMask = 2147483647;
			files = (
			);
			inputPaths = (
			);
			name = "[CP] Copy Pods Resources";
			outputPaths = (
			);
			runOnlyForDeploymentPostprocessing = 0;
			shellPath = /bin/sh;
			shellScript = "\"${SRCROOT}/Pods/Target Support Files/Pods-RNProject/Pods-RNProject-resources.sh\"\n";
			showEnvVarsInLog = 0;
		};
		CD52EED8B7ECED6E3F5B8A04 /* [CP] Check Pods Manifest.lock */ = {
			isa = PBXShellScriptBuildPhase;
			buildActionMask = 2147483647;
			files = (
			);
			inputPaths = (
			);
			name = "[CP] Check Pods Manifest.lock";
			outputPaths = (
			);
			runOnlyForDeploymentPostprocessing = 0;
			shellPath = /bin/sh;
			shellScript = "diff \"${PODS_ROOT}/../Podfile.lock\" \"${PODS_ROOT}/Manifest.lock\" > /dev/null\nif [[ $? != 0 ]] ; then\n    cat << EOM\nerror: The sandbox is not in sync with the Podfile.lock. Run 'pod install' or update your CocoaPods installation.\nEOM\n    exit 1\nfi\n";
			showEnvVarsInLog = 0;
		};
/* End PBXShellScriptBuildPhase section */

/* Begin PBXSourcesBuildPhase section */
		7DD36DFD1D58A49400F72280 /* Sources */ = {
			isa = PBXSourcesBuildPhase;
			buildActionMask = 2147483647;
			files = (
				7DD36E0C1D58A49400F72280 /* ViewController.m in Sources */,
				7DD36E091D58A49400F72280 /* AppDelegate.m in Sources */,
				7DD36E061D58A49400F72280 /* main.m in Sources */,
			);
			runOnlyForDeploymentPostprocessing = 0;
		};
		7DD36E161D58A49400F72280 /* Sources */ = {
			isa = PBXSourcesBuildPhase;
			buildActionMask = 2147483647;
			files = (
				7DD36E1F1D58A49400F72280 /* RNProjectTests.m in Sources */,
			);
			runOnlyForDeploymentPostprocessing = 0;
		};
/* End PBXSourcesBuildPhase section */

/* Begin PBXTargetDependency section */
		7DD36E1C1D58A49400F72280 /* PBXTargetDependency */ = {
			isa = PBXTargetDependency;
			target = 7DD36E001D58A49400F72280 /* RNProject */;
			targetProxy = 7DD36E1B1D58A49400F72280 /* PBXContainerItemProxy */;
		};
/* End PBXTargetDependency section */

/* Begin PBXVariantGroup section */
		7DD36E0D1D58A49400F72280 /* Main.storyboard */ = {
			isa = PBXVariantGroup;
			children = (
				7DD36E0E1D58A49400F72280 /* Base */,
			);
			name = Main.storyboard;
			sourceTree = "<group>";
		};
		7DD36E121D58A49400F72280 /* LaunchScreen.storyboard */ = {
			isa = PBXVariantGroup;
			children = (
				7DD36E131D58A49400F72280 /* Base */,
			);
			name = LaunchScreen.storyboard;
			sourceTree = "<group>";
		};
/* End PBXVariantGroup section */

/* Begin XCBuildConfiguration section */
		7DD36E211D58A49400F72280 /* Debug */ = {
			isa = XCBuildConfiguration;
			buildSettings = {
				ALWAYS_SEARCH_USER_PATHS = NO;
				CLANG_ANALYZER_NONNULL = YES;
				CLANG_CXX_LANGUAGE_STANDARD = "gnu++0x";
				CLANG_CXX_LIBRARY = "libc++";
				CLANG_ENABLE_MODULES = YES;
				CLANG_ENABLE_OBJC_ARC = YES;
				CLANG_WARN_BOOL_CONVERSION = YES;
				CLANG_WARN_CONSTANT_CONVERSION = YES;
				CLANG_WARN_DIRECT_OBJC_ISA_USAGE = YES_ERROR;
				CLANG_WARN_EMPTY_BODY = YES;
				CLANG_WARN_ENUM_CONVERSION = YES;
				CLANG_WARN_INT_CONVERSION = YES;
				CLANG_WARN_OBJC_ROOT_CLASS = YES_ERROR;
				CLANG_WARN_UNREACHABLE_CODE = YES;
				CLANG_WARN__DUPLICATE_METHOD_MATCH = YES;
				"CODE_SIGN_IDENTITY[sdk=iphoneos*]" = "iPhone Developer";
				COPY_PHASE_STRIP = NO;
				DEBUG_INFORMATION_FORMAT = dwarf;
				ENABLE_STRICT_OBJC_MSGSEND = YES;
				ENABLE_TESTABILITY = YES;
				GCC_C_LANGUAGE_STANDARD = gnu99;
				GCC_DYNAMIC_NO_PIC = NO;
				GCC_NO_COMMON_BLOCKS = YES;
				GCC_OPTIMIZATION_LEVEL = 0;
				GCC_PREPROCESSOR_DEFINITIONS = (
					"DEBUG=1",
					"$(inherited)",
				);
				GCC_WARN_64_TO_32_BIT_CONVERSION = YES;
				GCC_WARN_ABOUT_RETURN_TYPE = YES_ERROR;
				GCC_WARN_UNDECLARED_SELECTOR = YES;
				GCC_WARN_UNINITIALIZED_AUTOS = YES_AGGRESSIVE;
				GCC_WARN_UNUSED_FUNCTION = YES;
				GCC_WARN_UNUSED_VARIABLE = YES;
				IPHONEOS_DEPLOYMENT_TARGET = 9.3;
				MTL_ENABLE_DEBUG_INFO = YES;
				ONLY_ACTIVE_ARCH = YES;
				SDKROOT = iphoneos;
				TARGETED_DEVICE_FAMILY = "1,2";
			};
			name = Debug;
		};
		7DD36E221D58A49400F72280 /* Release */ = {
			isa = XCBuildConfiguration;
			buildSettings = {
				ALWAYS_SEARCH_USER_PATHS = NO;
				CLANG_ANALYZER_NONNULL = YES;
				CLANG_CXX_LANGUAGE_STANDARD = "gnu++0x";
				CLANG_CXX_LIBRARY = "libc++";
				CLANG_ENABLE_MODULES = YES;
				CLANG_ENABLE_OBJC_ARC = YES;
				CLANG_WARN_BOOL_CONVERSION = YES;
				CLANG_WARN_CONSTANT_CONVERSION = YES;
				CLANG_WARN_DIRECT_OBJC_ISA_USAGE = YES_ERROR;
				CLANG_WARN_EMPTY_BODY = YES;
				CLANG_WARN_ENUM_CONVERSION = YES;
				CLANG_WARN_INT_CONVERSION = YES;
				CLANG_WARN_OBJC_ROOT_CLASS = YES_ERROR;
				CLANG_WARN_UNREACHABLE_CODE = YES;
				CLANG_WARN__DUPLICATE_METHOD_MATCH = YES;
				"CODE_SIGN_IDENTITY[sdk=iphoneos*]" = "iPhone Developer";
				COPY_PHASE_STRIP = NO;
				DEBUG_INFORMATION_FORMAT = "dwarf-with-dsym";
				ENABLE_NS_ASSERTIONS = NO;
				ENABLE_STRICT_OBJC_MSGSEND = YES;
				GCC_C_LANGUAGE_STANDARD = gnu99;
				GCC_NO_COMMON_BLOCKS = YES;
				GCC_WARN_64_TO_32_BIT_CONVERSION = YES;
				GCC_WARN_ABOUT_RETURN_TYPE = YES_ERROR;
				GCC_WARN_UNDECLARED_SELECTOR = YES;
				GCC_WARN_UNINITIALIZED_AUTOS = YES_AGGRESSIVE;
				GCC_WARN_UNUSED_FUNCTION = YES;
				GCC_WARN_UNUSED_VARIABLE = YES;
				IPHONEOS_DEPLOYMENT_TARGET = 9.3;
				MTL_ENABLE_DEBUG_INFO = NO;
				SDKROOT = iphoneos;
				TARGETED_DEVICE_FAMILY = "1,2";
				VALIDATE_PRODUCT = YES;
			};
			name = Release;
		};
		7DD36E241D58A49400F72280 /* Debug */ = {
			isa = XCBuildConfiguration;
			baseConfigurationReference = E9CC1213B3582F30D4F29AEF /* Pods-RNProject.debug.xcconfig */;
			buildSettings = {
				ASSETCATALOG_COMPILER_APPICON_NAME = AppIcon;
				INFOPLIST_FILE = RNProject/Info.plist;
				LD_RUNPATH_SEARCH_PATHS = "$(inherited) @executable_path/Frameworks";
				PRODUCT_BUNDLE_IDENTIFIER = com.education.nd.RNProject;
				PRODUCT_NAME = "$(TARGET_NAME)";
			};
			name = Debug;
		};
		7DD36E251D58A49400F72280 /* Release */ = {
			isa = XCBuildConfiguration;
			baseConfigurationReference = FF2CFCC28885D9AC186EAEF1 /* Pods-RNProject.release.xcconfig */;
			buildSettings = {
				ASSETCATALOG_COMPILER_APPICON_NAME = AppIcon;
				INFOPLIST_FILE = RNProject/Info.plist;
				LD_RUNPATH_SEARCH_PATHS = "$(inherited) @executable_path/Frameworks";
				PRODUCT_BUNDLE_IDENTIFIER = com.education.nd.RNProject;
				PRODUCT_NAME = "$(TARGET_NAME)";
			};
			name = Release;
		};
		7DD36E271D58A49400F72280 /* Debug */ = {
			isa = XCBuildConfiguration;
			buildSettings = {
				BUNDLE_LOADER = "$(TEST_HOST)";
				INFOPLIST_FILE = RNProjectTests/Info.plist;
				LD_RUNPATH_SEARCH_PATHS = "$(inherited) @executable_path/Frameworks @loader_path/Frameworks";
				PRODUCT_BUNDLE_IDENTIFIER = com.education.nd.RNProjectTests;
				PRODUCT_NAME = "$(TARGET_NAME)";
				TEST_HOST = "$(BUILT_PRODUCTS_DIR)/RNProject.app/RNProject";
			};
			name = Debug;
		};
		7DD36E281D58A49400F72280 /* Release */ = {
			isa = XCBuildConfiguration;
			buildSettings = {
				BUNDLE_LOADER = "$(TEST_HOST)";
				INFOPLIST_FILE = RNProjectTests/Info.plist;
				LD_RUNPATH_SEARCH_PATHS = "$(inherited) @executable_path/Frameworks @loader_path/Frameworks";
				PRODUCT_BUNDLE_IDENTIFIER = com.education.nd.RNProjectTests;
				PRODUCT_NAME = "$(TARGET_NAME)";
				TEST_HOST = "$(BUILT_PRODUCTS_DIR)/RNProject.app/RNProject";
			};
			name = Release;
		};
/* End XCBuildConfiguration section */

/* Begin XCConfigurationList section */
		7DD36DFC1D58A49400F72280 /* Build configuration list for PBXProject "RNProject" */ = {
			isa = XCConfigurationList;
			buildConfigurations = (
				7DD36E211D58A49400F72280 /* Debug */,
				7DD36E221D58A49400F72280 /* Release */,
			);
			defaultConfigurationIsVisible = 0;
			defaultConfigurationName = Release;
		};
		7DD36E231D58A49400F72280 /* Build configuration list for PBXNativeTarget "RNProject" */ = {
			isa = XCConfigurationList;
			buildConfigurations = (
				7DD36E241D58A49400F72280 /* Debug */,
				7DD36E251D58A49400F72280 /* Release */,
			);
			defaultConfigurationIsVisible = 0;
			defaultConfigurationName = Release;
		};
		7DD36E261D58A49400F72280 /* Build configuration list for PBXNativeTarget "RNProjectTests" */ = {
			isa = XCConfigurationList;
			buildConfigurations = (
				7DD36E271D58A49400F72280 /* Debug */,
				7DD36E281D58A49400F72280 /* Release */,
			);
			defaultConfigurationIsVisible = 0;
			defaultConfigurationName = Release;
		};
/* End XCConfigurationList section */
	};
	rootObject = 7DD36DF91D58A49400F72280 /* Project object */;
}
